
Microsoft Visual Studio Solution File, Format Version 12.00
# Visual Studio Version 16
VisualStudioVersion = 16.0.28902.138
MinimumVisualStudioVersion = 10.0.40219.1
Project("{FAE04EC0-301F-11D3-BF4B-00C04F79EFBC}") = "JournalEntriesAPI", "JournalEntriesAPI\JournalEntriesAPI.csproj", "{1DC0E29D-FC20-4699-B8DB-076A926C97D2}"
EndProject
Global
	GlobalSection(SolutionConfigurationPlatforms) = preSolution
		Debug|Any CPU = Debug|Any CPU
		Release|Any CPU = Release|Any CPU
	EndGlobalSection
	GlobalSection(ProjectConfigurationPlatforms) = postSolution
		{1DC0E29D-FC20-4699-B8DB-076A926C97D2}.Debug|Any CPU.ActiveCfg = Debug|Any CPU
		{1DC0E29D-FC20-4699-B8DB-076A926C97D2}.Debug|Any CPU.Build.0 = Debug|Any CPU
		{1DC0E29D-FC20-4699-B8DB-076A926C97D2}.Release|Any CPU.ActiveCfg = Release|Any CPU
		{1DC0E29D-FC20-4699-B8DB-076A926C97D2}.Release|Any CPU.Build.0 = Release|Any CPU
	EndGlobalSection
	GlobalSection(SolutionProperties) = preSolution
		HideSolutionNode = FALSE
	EndGlobalSection
	GlobalSection(ExtensibilityGlobals) = postSolution
		SolutionGuid = {67D58493-F651-4D2F-A1F3-38A1E3F8FE2B}
	EndGlobalSection
EndGlobal
